
Microsoft Visual Studio Solution File, Format Version 12.00
# Visual Studio Version 16
VisualStudioVersion = 25.0.1706.3
MinimumVisualStudioVersion = 10.0.40219.1
Project("{FAE04EC0-301F-11D3-BF4B-00C04F79EFBC}") = "ProgressCheck3", "ProgressCheck3\ProgressCheck3.csproj", "{C0A9EDD5-4D76-4FC1-804A-9BE661764B67}"
EndProject
Project("{FAE04EC0-301F-11D3-BF4B-00C04F79EFBC}") = "ProgressCheck3.Tests", "ProgressCheck3.Tests\ProgressCheck3.Tests.csproj", "{DB0BC7E5-706D-4539-B414-EA4569D43215}"
EndProject
Global
	GlobalSection(SolutionConfigurationPlatforms) = preSolution
		Debug|Any CPU = Debug|Any CPU
		Release|Any CPU = Release|Any CPU
	EndGlobalSection
	GlobalSection(ProjectConfigurationPlatforms) = postSolution
		{C0A9EDD5-4D76-4FC1-804A-9BE661764B67}.Debug|Any CPU.ActiveCfg = Debug|Any CPU
		{C0A9EDD5-4D76-4FC1-804A-9BE661764B67}.Debug|Any CPU.Build.0 = Debug|Any CPU
		{C0A9EDD5-4D76-4FC1-804A-9BE661764B67}.Release|Any CPU.ActiveCfg = Release|Any CPU
		{C0A9EDD5-4D76-4FC1-804A-9BE661764B67}.Release|Any CPU.Build.0 = Release|Any CPU
		{DB0BC7E5-706D-4539-B414-EA4569D43215}.Debug|Any CPU.ActiveCfg = Debug|Any CPU
		{DB0BC7E5-706D-4539-B414-EA4569D43215}.Debug|Any CPU.Build.0 = Debug|Any CPU
		{DB0BC7E5-706D-4539-B414-EA4569D43215}.Release|Any CPU.ActiveCfg = Release|Any CPU
		{DB0BC7E5-706D-4539-B414-EA4569D43215}.Release|Any CPU.Build.0 = Release|Any CPU
	EndGlobalSection
	GlobalSection(SolutionProperties) = preSolution
		HideSolutionNode = FALSE
	EndGlobalSection
	GlobalSection(ExtensibilityGlobals) = postSolution
		SolutionGuid = {9981B19B-66F4-4444-88FE-074ED5259B4A}
	EndGlobalSection
EndGlobal
